
Microsoft Visual Studio Solution File, Format Version 12.00
# Visual Studio Version 16
VisualStudioVersion = 16.0.32002.261
MinimumVisualStudioVersion = 10.0.40219.1
Project("{FAE04EC0-301F-11D3-BF4B-00C04F79EFBC}") = "LilFamStudioNet5", "LilFamStudioNet5\LilFamStudioNet5.csproj", "{67B5F8A4-0569-4D11-B6B9-4803887F2FB3}"
EndProject
Global
	GlobalSection(SolutionConfigurationPlatforms) = preSolution
		Debug|Any CPU = Debug|Any CPU
		Release|Any CPU = Release|Any CPU
	EndGlobalSection
	GlobalSection(ProjectConfigurationPlatforms) = postSolution
		{67B5F8A4-0569-4D11-B6B9-4803887F2FB3}.Debug|Any CPU.ActiveCfg = Debug|Any CPU
		{67B5F8A4-0569-4D11-B6B9-4803887F2FB3}.Debug|Any CPU.Build.0 = Debug|Any CPU
		{67B5F8A4-0569-4D11-B6B9-4803887F2FB3}.Release|Any CPU.ActiveCfg = Release|Any CPU
		{67B5F8A4-0569-4D11-B6B9-4803887F2FB3}.Release|Any CPU.Build.0 = Release|Any CPU
	EndGlobalSection
	GlobalSection(SolutionProperties) = preSolution
		HideSolutionNode = FALSE
	EndGlobalSection
	GlobalSection(ExtensibilityGlobals) = postSolution
		SolutionGuid = {B06E6577-E2E9-427D-8584-7CDB554AF1CB}
	EndGlobalSection
EndGlobal
